
Microsoft Visual Studio Solution File, Format Version 12.00
# Visual Studio 15
VisualStudioVersion = 15.0.28010.2016
MinimumVisualStudioVersion = 10.0.40219.1
Project("{FAE04EC0-301F-11D3-BF4B-00C04F79EFBC}") = "1.Repeat strings", "1.Repeat strings\1.Repeat strings.csproj", "{321B2BA0-8134-4B01-A7F6-9E3C0F295874}"
EndProject
Project("{FAE04EC0-301F-11D3-BF4B-00C04F79EFBC}") = "2.Problem Substring", "2.Problem Substring\2.Problem Substring.csproj", "{11676394-F588-4A3C-AF34-F3AFAEF5D36C}"
EndProject
Project("{FAE04EC0-301F-11D3-BF4B-00C04F79EFBC}") = "3.Replacing", "3.Replacing\3.Replacing.csproj", "{A8F7A554-24E1-4441-9EB9-AF14AD64B38F}"
EndProject
Global
	GlobalSection(SolutionConfigurationPlatforms) = preSolution
		Debug|Any CPU = Debug|Any CPU
		Release|Any CPU = Release|Any CPU
	EndGlobalSection
	GlobalSection(ProjectConfigurationPlatforms) = postSolution
		{321B2BA0-8134-4B01-A7F6-9E3C0F295874}.Debug|Any CPU.ActiveCfg = Debug|Any CPU
		{321B2BA0-8134-4B01-A7F6-9E3C0F295874}.Debug|Any CPU.Build.0 = Debug|Any CPU
		{321B2BA0-8134-4B01-A7F6-9E3C0F295874}.Release|Any CPU.ActiveCfg = Release|Any CPU
		{321B2BA0-8134-4B01-A7F6-9E3C0F295874}.Release|Any CPU.Build.0 = Release|Any CPU
		{11676394-F588-4A3C-AF34-F3AFAEF5D36C}.Debug|Any CPU.ActiveCfg = Debug|Any CPU
		{11676394-F588-4A3C-AF34-F3AFAEF5D36C}.Debug|Any CPU.Build.0 = Debug|Any CPU
		{11676394-F588-4A3C-AF34-F3AFAEF5D36C}.Release|Any CPU.ActiveCfg = Release|Any CPU
		{11676394-F588-4A3C-AF34-F3AFAEF5D36C}.Release|Any CPU.Build.0 = Release|Any CPU
		{A8F7A554-24E1-4441-9EB9-AF14AD64B38F}.Debug|Any CPU.ActiveCfg = Debug|Any CPU
		{A8F7A554-24E1-4441-9EB9-AF14AD64B38F}.Debug|Any CPU.Build.0 = Debug|Any CPU
		{A8F7A554-24E1-4441-9EB9-AF14AD64B38F}.Release|Any CPU.ActiveCfg = Release|Any CPU
		{A8F7A554-24E1-4441-9EB9-AF14AD64B38F}.Release|Any CPU.Build.0 = Release|Any CPU
	EndGlobalSection
	GlobalSection(SolutionProperties) = preSolution
		HideSolutionNode = FALSE
	EndGlobalSection
	GlobalSection(ExtensibilityGlobals) = postSolution
		SolutionGuid = {36E6954A-C715-4522-9C21-7179F947E3C5}
	EndGlobalSection
EndGlobal
